// !$*UTF8*$!
{
	archiveVersion = 1;
	classes = {
	};
	objectVersion = 48;
	objects = {

/* Begin PBXBuildFile section */
		7E7B90AC1FEC808E00C95FBF /* AppDelegate.swift in Sources */ = {isa = PBXBuildFile; fileRef = 7E7B90AB1FEC808E00C95FBF /* AppDelegate.swift */; };
		7E7B90AE1FEC808E00C95FBF /* ViewController.swift in Sources */ = {isa = PBXBuildFile; fileRef = 7E7B90AD1FEC808E00C95FBF /* ViewController.swift */; };
		7E7B90B11FEC808E00C95FBF /* Main.storyboard in Resources */ = {isa = PBXBuildFile; fileRef = 7E7B90AF1FEC808E00C95FBF /* Main.storyboard */; };
		7E7B90B31FEC808E00C95FBF /* Assets.xcassets in Resources */ = {isa = PBXBuildFile; fileRef = 7E7B90B21FEC808E00C95FBF /* Assets.xcassets */; };
		7E7B90B61FEC808E00C95FBF /* LaunchScreen.storyboard in Resources */ = {isa = PBXBuildFile; fileRef = 7E7B90B41FEC808E00C95FBF /* LaunchScreen.storyboard */; };
		7E7B90BE1FEC859B00C95FBF /* CustomView.swift in Sources */ = {isa = PBXBuildFile; fileRef = 7E7B90BD1FEC859B00C95FBF /* CustomView.swift */; };
/* End PBXBuildFile section */

/* Begin PBXFileReference section */
		7E7B90A81FEC808E00C95FBF /* StackViewFillProportionallySample.app */ = {isa = PBXFileReference; explicitFileType = wrapper.application; includeInIndex = 0; path = StackViewFillProportionallySample.app; sourceTree = BUILT_PRODUCTS_DIR; };
		7E7B90AB1FEC808E00C95FBF /* AppDelegate.swift */ = {isa = PBXFileReference; lastKnownFileType = sourcecode.swift; path = AppDelegate.swift; sourceTree = "<group>"; };
		7E7B90AD1FEC808E00C95FBF /* ViewController.swift */ = {isa = PBXFileReference; lastKnownFileType = sourcecode.swift; path = ViewController.swift; sourceTree = "<group>"; };
		7E7B90B01FEC808E00C95FBF /* Base */ = {isa = PBXFileReference; lastKnownFileType = file.storyboard; name = Base; path = Base.lproj/Main.storyboard; sourceTree = "<group>"; };
		7E7B90B21FEC808E00C95FBF /* Assets.xcassets */ = {isa = PBXFileReference; lastKnownFileType = folder.assetcatalog; path = Assets.xcassets; sourceTree = "<group>"; };
		7E7B90B51FEC808E00C95FBF /* Base */ = {isa = PBXFileReference; lastKnownFileType = file.storyboard; name = Base; path = Base.lproj/LaunchScreen.storyboard; sourceTree = "<group>"; };
		7E7B90B71FEC808E00C95FBF /* Info.plist */ = {isa = PBXFileReference; lastKnownFileType = text.plist.xml; path = Info.plist; sourceTree = "<group>"; };
		7E7B90BD1FEC859B00C95FBF /* CustomView.swift */ = {isa = PBXFileReference; lastKnownFileType = sourcecode.swift; path = CustomView.swift; sourceTree = "<group>"; };
/* End PBXFileReference section */

/* Begin PBXFrameworksBuildPhase section */
		7E7B90A51FEC808E00C95FBF /* Frameworks */ = {
			isa = PBXFrameworksBuildPhase;
			buildActionMask = 2147483647;
			files = (
			);
			runOnlyForDeploymentPostprocessing = 0;
		};
/* End PBXFrameworksBuildPhase section */

/* Begin PBXGroup section */
		7E7B909F1FEC808E00C95FBF = {
			isa = PBXGroup;
			children = (
				7E7B90AA1FEC808E00C95FBF /* StackViewFillProportionallySample */,
				7E7B90A91FEC808E00C95FBF /* Products */,
			);
			sourceTree = "<group>";
		};
		7E7B90A91FEC808E00C95FBF /* Products */ = {
			isa = PBXGroup;
			children = (
				7E7B90A81FEC808E00C95FBF /* StackViewFillProportionallySample.app */,
			);
			name = Products;
			sourceTree = "<group>";
		};
		7E7B90AA1FEC808E00C95FBF /* StackViewFillProportionallySample */ = {
			isa = PBXGroup;
			children = (
				7E7B90AB1FEC808E00C95FBF /* AppDelegate.swift */,
				7E7B90AD1FEC808E00C95FBF /* ViewController.swift */,
				7E7B90AF1FEC808E00C95FBF /* Main.storyboard */,
				7E7B90B21FEC808E00C95FBF /* Assets.xcassets */,
				7E7B90B41FEC808E00C95FBF /* LaunchScreen.storyboard */,
				7E7B90B71FEC808E00C95FBF /* Info.plist */,
				7E7B90BD1FEC859B00C95FBF /* CustomView.swift */,
			);
			path = StackViewFillProportionallySample;
			sourceTree = "<group>";
		};
/* End PBXGroup section */

/* Begin PBXNativeTarget section */
		7E7B90A71FEC808E00C95FBF /* StackViewFillProportionallySample */ = {
			isa = PBXNativeTarget;
			buildConfigurationList = 7E7B90BA1FEC808E00C95FBF /* Build configuration list for PBXNativeTarget "StackViewFillProportionallySample" */;
			buildPhases = (
				7E7B90A41FEC808E00C95FBF /* Sources */,
				7E7B90A51FEC808E00C95FBF /* Frameworks */,
				7E7B90A61FEC808E00C95FBF /* Resources */,
			);
			buildRules = (
			);
			dependencies = (
			);
			name = StackViewFillProportionallySample;
			productName = StackViewFillProportionallySample;
			productReference = 7E7B90A81FEC808E00C95FBF /* StackViewFillProportionallySample.app */;
			productType = "com.apple.product-type.application";
		};
/* End PBXNativeTarget section */

/* Begin PBXProject section */
		7E7B90A01FEC808E00C95FBF /* Project object */ = {
			isa = PBXProject;
			attributes = {
				LastSwiftUpdateCheck = 0920;
				LastUpgradeCheck = 0920;
				ORGANIZATIONNAME = "Tomoki Yamashita";
				TargetAttributes = {
					7E7B90A71FEC808E00C95FBF = {
						CreatedOnToolsVersion = 9.2;
						ProvisioningStyle = Automatic;
					};
				};
			};
			buildConfigurationList = 7E7B90A31FEC808E00C95FBF /* Build configuration list for PBXProject "StackViewFillProportionallySample" */;
			compatibilityVersion = "Xcode 8.0";
			developmentRegion = en;
			hasScannedForEncodings = 0;
			knownRegions = (
				en,
				Base,
			);
			mainGroup = 7E7B909F1FEC808E00C95FBF;
			productRefGroup = 7E7B90A91FEC808E00C95FBF /* Products */;
			projectDirPath = "";
			projectRoot = "";
			targets = (
				7E7B90A71FEC808E00C95FBF /* StackViewFillProportionallySample */,
			);
		};
/* End PBXProject section */

/* Begin PBXResourcesBuildPhase section */
		7E7B90A61FEC808E00C95FBF /* Resources */ = {
			isa = PBXResourcesBuildPhase;
			buildActionMask = 2147483647;
			files = (
				7E7B90B61FEC808E00C95FBF /* LaunchScreen.storyboard in Resources */,
				7E7B90B31FEC808E00C95FBF /* Assets.xcassets in Resources */,
				7E7B90B11FEC808E00C95FBF /* Main.storyboard in Resources */,
			);
			runOnlyForDeploymentPostprocessing = 0;
		};
/* End PBXResourcesBuildPhase section */

/* Begin PBXSourcesBuildPhase section */
		7E7B90A41FEC808E00C95FBF /* Sources */ = {
			isa = PBXSourcesBuildPhase;
			buildActionMask = 2147483647;
			files = (
				7E7B90BE1FEC859B00C95FBF /* CustomView.swift in Sources */,
				7E7B90AE1FEC808E00C95FBF /* ViewController.swift in Sources */,
				7E7B90AC1FEC808E00C95FBF /* AppDelegate.swift in Sources */,
			);
			runOnlyForDeploymentPostprocessing = 0;
		};
/* End PBXSourcesBuildPhase section */

/* Begin PBXVariantGroup section */
		7E7B90AF1FEC808E00C95FBF /* Main.storyboard */ = {
			isa = PBXVariantGroup;
			children = (
				7E7B90B01FEC808E00C95FBF /* Base */,
			);
			name = Main.storyboard;
			sourceTree = "<group>";
		};
		7E7B90B41FEC808E00C95FBF /* LaunchScreen.storyboard */ = {
			isa = PBXVariantGroup;
			children = (
				7E7B90B51FEC808E00C95FBF /* Base */,
			);
			name = LaunchScreen.storyboard;
			sourceTree = "<group>";
		};
/* End PBXVariantGroup section */

/* Begin XCBuildConfiguration section */
		7E7B90B81FEC808E00C95FBF /* Debug */ = {
			isa = XCBuildConfiguration;
			buildSettings = {
				ALWAYS_SEARCH_USER_PATHS = NO;
				CLANG_ANALYZER_NONNULL = YES;
				CLANG_ANALYZER_NUMBER_OBJECT_CONVERSION = YES_AGGRESSIVE;
				CLANG_CXX_LANGUAGE_STANDARD = "gnu++14";
				CLANG_CXX_LIBRARY = "libc++";
				CLANG_ENABLE_MODULES = YES;
				CLANG_ENABLE_OBJC_ARC = YES;
				CLANG_WARN_BLOCK_CAPTURE_AUTORELEASING = YES;
				CLANG_WARN_BOOL_CONVERSION = YES;
				CLANG_WARN_COMMA = YES;
				CLANG_WARN_CONSTANT_CONVERSION = YES;
				CLANG_WARN_DIRECT_OBJC_ISA_USAGE = YES_ERROR;
				CLANG_WARN_DOCUMENTATION_COMMENTS = YES;
				CLANG_WARN_EMPTY_BODY = YES;
				CLANG_WARN_ENUM_CONVERSION = YES;
				CLANG_WARN_INFINITE_RECURSION = YES;
				CLANG_WARN_INT_CONVERSION = YES;
				CLANG_WARN_NON_LITERAL_NULL_CONVERSION = YES;
				CLANG_WARN_OBJC_LITERAL_CONVERSION = YES;
				CLANG_WARN_OBJC_ROOT_CLASS = YES_ERROR;
				CLANG_WARN_RANGE_LOOP_ANALYSIS = YES;
				CLANG_WARN_STRICT_PROTOTYPES = YES;
				CLANG_WARN_SUSPICIOUS_MOVE = YES;
				CLANG_WARN_UNGUARDED_AVAILABILITY = YES_AGGRESSIVE;
				CLANG_WARN_UNREACHABLE_CODE = YES;
				CLANG_WARN__DUPLICATE_METHOD_MATCH = YES;
				CODE_SIGN_IDENTITY = "iPhone Developer";
				COPY_PHASE_STRIP = NO;
				DEBUG_INFORMATION_FORMAT = dwarf;
				ENABLE_STRICT_OBJC_MSGSEND = YES;
				ENABLE_TESTABILITY = YES;
				GCC_C_LANGUAGE_STANDARD = gnu11;
				GCC_DYNAMIC_NO_PIC = NO;
				GCC_NO_COMMON_BLOCKS = YES;
				GCC_OPTIMIZATION_LEVEL = 0;
				GCC_PREPROCESSOR_DEFINITIONS = (
					"DEBUG=1",
					"$(inherited)",
				);
				GCC_WARN_64_TO_32_BIT_CONVERSION = YES;
				GCC_WARN_ABOUT_RETURN_TYPE = YES_ERROR;
				GCC_WARN_UNDECLARED_SELECTOR = YES;
				GCC_WARN_UNINITIALIZED_AUTOS = YES_AGGRESSIVE;
				GCC_WARN_UNUSED_FUNCTION = YES;
				GCC_WARN_UNUSED_VARIABLE = YES;
				IPHONEOS_DEPLOYMENT_TARGET = 11.2;
				MTL_ENABLE_DEBUG_INFO = YES;
				ONLY_ACTIVE_ARCH = YES;
				SDKROOT = iphoneos;
				SWIFT_ACTIVE_COMPILATION_CONDITIONS = DEBUG;
				SWIFT_OPTIMIZATION_LEVEL = "-Onone";
			};
			name = Debug;
		};
		7E7B90B91FEC808E00C95FBF /* Release */ = {
			isa = XCBuildConfiguration;
			buildSettings = {
				ALWAYS_SEARCH_USER_PATHS = NO;
				CLANG_ANALYZER_NONNULL = YES;
				CLANG_ANALYZER_NUMBER_OBJECT_CONVERSION = YES_AGGRESSIVE;
				CLANG_CXX_LANGUAGE_STANDARD = "gnu++14";
				CLANG_CXX_LIBRARY = "libc++";
				CLANG_ENABLE_MODULES = YES;
				CLANG_ENABLE_OBJC_ARC = YES;
				CLANG_WARN_BLOCK_CAPTURE_AUTORELEASING = YES;
				CLANG_WARN_BOOL_CONVERSION = YES;
				CLANG_WARN_COMMA = YES;
				CLANG_WARN_CONSTANT_CONVERSION = YES;
				CLANG_WARN_DIRECT_OBJC_ISA_USAGE = YES_ERROR;
				CLANG_WARN_DOCUMENTATION_COMMENTS = YES;
				CLANG_WARN_EMPTY_BODY = YES;
				CLANG_WARN_ENUM_CONVERSION = YES;
				CLANG_WARN_INFINITE_RECURSION = YES;
				CLANG_WARN_INT_CONVERSION = YES;
				CLANG_WARN_NON_LITERAL_NULL_CONVERSION = YES;
				CLANG_WARN_OBJC_LITERAL_CONVERSION = YES;
				CLANG_WARN_OBJC_ROOT_CLASS = YES_ERROR;
				CLANG_WARN_RANGE_LOOP_ANALYSIS = YES;
				CLANG_WARN_STRICT_PROTOTYPES = YES;
				CLANG_WARN_SUSPICIOUS_MOVE = YES;
				CLANG_WARN_UNGUARDED_AVAILABILITY = YES_AGGRESSIVE;
				CLANG_WARN_UNREACHABLE_CODE = YES;
				CLANG_WARN__DUPLICATE_METHOD_MATCH = YES;
				CODE_SIGN_IDENTITY = "iPhone Developer";
				COPY_PHASE_STRIP = NO;
				DEBUG_INFORMATION_FORMAT = "dwarf-with-dsym";
				ENABLE_NS_ASSERTIONS = NO;
				ENABLE_STRICT_OBJC_MSGSEND = YES;
				GCC_C_LANGUAGE_STANDARD = gnu11;
				GCC_NO_COMMON_BLOCKS = YES;
				GCC_WARN_64_TO_32_BIT_CONVERSION = YES;
				GCC_WARN_ABOUT_RETURN_TYPE = YES_ERROR;
				GCC_WARN_UNDECLARED_SELECTOR = YES;
				GCC_WARN_UNINITIALIZED_AUTOS = YES_AGGRESSIVE;
				GCC_WARN_UNUSED_FUNCTION = YES;
				GCC_WARN_UNUSED_VARIABLE = YES;
				IPHONEOS_DEPLOYMENT_TARGET = 11.2;
				MTL_ENABLE_DEBUG_INFO = NO;
				SDKROOT = iphoneos;
				SWIFT_OPTIMIZATION_LEVEL = "-Owholemodule";
				VALIDATE_PRODUCT = YES;
			};
			name = Release;
		};
		7E7B90BB1FEC808E00C95FBF /* Debug */ = {
			isa = XCBuildConfiguration;
			buildSettings = {
				ASSETCATALOG_COMPILER_APPICON_NAME = AppIcon;
				CODE_SIGN_STYLE = Automatic;
				INFOPLIST_FILE = StackViewFillProportionallySample/Info.plist;
				LD_RUNPATH_SEARCH_PATHS = "$(inherited) @executable_path/Frameworks";
				PRODUCT_BUNDLE_IDENTIFIER = jp.tomorrowkey.ios.StackViewFillProportionallySample;
				PRODUCT_NAME = "$(TARGET_NAME)";
				SWIFT_VERSION = 4.0;
				TARGETED_DEVICE_FAMILY = "1,2";
			};
			name = Debug;
		};
		7E7B90BC1FEC808E00C95FBF /* Release */ = {
			isa = XCBuildConfiguration;
			buildSettings = {
				ASSETCATALOG_COMPILER_APPICON_NAME = AppIcon;
				CODE_SIGN_STYLE = Automatic;
				INFOPLIST_FILE = StackViewFillProportionallySample/Info.plist;
				LD_RUNPATH_SEARCH_PATHS = "$(inherited) @executable_path/Frameworks";
				PRODUCT_BUNDLE_IDENTIFIER = jp.tomorrowkey.ios.StackViewFillProportionallySample;
				PRODUCT_NAME = "$(TARGET_NAME)";
				SWIFT_VERSION = 4.0;
				TARGETED_DEVICE_FAMILY = "1,2";
			};
			name = Release;
		};
/* End XCBuildConfiguration section */

/* Begin XCConfigurationList section */
		7E7B90A31FEC808E00C95FBF /* Build configuration list for PBXProject "StackViewFillProportionallySample" */ = {
			isa = XCConfigurationList;
			buildConfigurations = (
				7E7B90B81FEC808E00C95FBF /* Debug */,
				7E7B90B91FEC808E00C95FBF /* Release */,
			);
			defaultConfigurationIsVisible = 0;
			defaultConfigurationName = Release;
		};
		7E7B90BA1FEC808E00C95FBF /* Build configuration list for PBXNativeTarget "StackViewFillProportionallySample" */ = {
			isa = XCConfigurationList;
			buildConfigurations = (
				7E7B90BB1FEC808E00C95FBF /* Debug */,
				7E7B90BC1FEC808E00C95FBF /* Release */,
			);
			defaultConfigurationIsVisible = 0;
			defaultConfigurationName = Release;
		};
/* End XCConfigurationList section */
	};
	rootObject = 7E7B90A01FEC808E00C95FBF /* Project object */;
}
